
Microsoft Visual Studio Solution File, Format Version 12.00
# Visual Studio Version 17
VisualStudioVersion = 17.11.35222.181
MinimumVisualStudioVersion = 10.0.40219.1
Project("{FAE04EC0-301F-11D3-BF4B-00C04F79EFBC}") = "Delegados", "Delegados\Delegados.csproj", "{3631B79A-058D-470B-90CF-380861F26F4D}"
EndProject
Global
	GlobalSection(SolutionConfigurationPlatforms) = preSolution
		Debug|Any CPU = Debug|Any CPU
		Release|Any CPU = Release|Any CPU
	EndGlobalSection
	GlobalSection(ProjectConfigurationPlatforms) = postSolution
		{3631B79A-058D-470B-90CF-380861F26F4D}.Debug|Any CPU.ActiveCfg = Debug|Any CPU
		{3631B79A-058D-470B-90CF-380861F26F4D}.Debug|Any CPU.Build.0 = Debug|Any CPU
		{3631B79A-058D-470B-90CF-380861F26F4D}.Release|Any CPU.ActiveCfg = Release|Any CPU
		{3631B79A-058D-470B-90CF-380861F26F4D}.Release|Any CPU.Build.0 = Release|Any CPU
	EndGlobalSection
	GlobalSection(SolutionProperties) = preSolution
		HideSolutionNode = FALSE
	EndGlobalSection
	GlobalSection(ExtensibilityGlobals) = postSolution
		SolutionGuid = {81A8C243-0C25-4441-AA70-A2EC863CCC3F}
	EndGlobalSection
EndGlobal
